
Microsoft Visual Studio Solution File, Format Version 12.00
# Visual Studio Version 17
VisualStudioVersion = 17.9.34701.34
MinimumVisualStudioVersion = 10.0.40219.1
Project("{FAE04EC0-301F-11D3-BF4B-00C04F79EFBC}") = "MJC_Project", "MJC_Project.csproj", "{E859A132-0608-44E6-8871-BF046B45CBFC}"
EndProject
Global
	GlobalSection(SolutionConfigurationPlatforms) = preSolution
		Debug|Any CPU = Debug|Any CPU
		Release|Any CPU = Release|Any CPU
	EndGlobalSection
	GlobalSection(ProjectConfigurationPlatforms) = postSolution
		{E859A132-0608-44E6-8871-BF046B45CBFC}.Debug|Any CPU.ActiveCfg = Debug|Any CPU
		{E859A132-0608-44E6-8871-BF046B45CBFC}.Debug|Any CPU.Build.0 = Debug|Any CPU
		{E859A132-0608-44E6-8871-BF046B45CBFC}.Release|Any CPU.ActiveCfg = Release|Any CPU
		{E859A132-0608-44E6-8871-BF046B45CBFC}.Release|Any CPU.Build.0 = Release|Any CPU
	EndGlobalSection
	GlobalSection(SolutionProperties) = preSolution
		HideSolutionNode = FALSE
	EndGlobalSection
	GlobalSection(ExtensibilityGlobals) = postSolution
		SolutionGuid = {54ED95D4-D763-482C-8273-6CC12FADC983}
	EndGlobalSection
EndGlobal
